
Microsoft Visual Studio Solution File, Format Version 11.00
# Visual Studio 2010
Project("{FAE04EC0-301F-11D3-BF4B-00C04F79EFBC}") = "Assembly-CSharp", "Assembly-CSharp.csproj", "{1614ACFA-A110-7539-2863-DC0CF5DB9906}"
EndProject
Project("{FAE04EC0-301F-11D3-BF4B-00C04F79EFBC}") = "Assembly-CSharp-Editor", "Assembly-CSharp-Editor.csproj", "{53440FC7-CDC2-06E4-777D-749F10A372A4}"
EndProject
Global
	GlobalSection(SolutionConfigurationPlatforms) = preSolution
		Debug|Any CPU = Debug|Any CPU
		Release|Any CPU = Release|Any CPU
	EndGlobalSection
	GlobalSection(ProjectConfigurationPlatforms) = postSolution
		{1614ACFA-A110-7539-2863-DC0CF5DB9906}.Debug|Any CPU.ActiveCfg = Debug|Any CPU
		{1614ACFA-A110-7539-2863-DC0CF5DB9906}.Debug|Any CPU.Build.0 = Debug|Any CPU
		{1614ACFA-A110-7539-2863-DC0CF5DB9906}.Release|Any CPU.ActiveCfg = Release|Any CPU
		{1614ACFA-A110-7539-2863-DC0CF5DB9906}.Release|Any CPU.Build.0 = Release|Any CPU
		{53440FC7-CDC2-06E4-777D-749F10A372A4}.Debug|Any CPU.ActiveCfg = Debug|Any CPU
		{53440FC7-CDC2-06E4-777D-749F10A372A4}.Debug|Any CPU.Build.0 = Debug|Any CPU
		{53440FC7-CDC2-06E4-777D-749F10A372A4}.Release|Any CPU.ActiveCfg = Release|Any CPU
		{53440FC7-CDC2-06E4-777D-749F10A372A4}.Release|Any CPU.Build.0 = Release|Any CPU
	EndGlobalSection
	GlobalSection(SolutionProperties) = preSolution
		HideSolutionNode = FALSE
	EndGlobalSection
EndGlobal
